
Microsoft Visual Studio Solution File, Format Version 12.00
# Visual Studio 15
VisualStudioVersion = 15.0.28010.2046
MinimumVisualStudioVersion = 10.0.40219.1
Project("{FAE04EC0-301F-11D3-BF4B-00C04F79EFBC}") = "QALab7", "QALab7\QALab7.csproj", "{53C2A22E-091B-4270-9AFB-6C5E07DDF84C}"
EndProject
Project("{FAE04EC0-301F-11D3-BF4B-00C04F79EFBC}") = "QALab7UnitTests", "QALab7UnitTests\QALab7UnitTests.csproj", "{803092A1-635C-4B91-A7B7-BFC0DE68ED4F}"
EndProject
Global
	GlobalSection(SolutionConfigurationPlatforms) = preSolution
		Debug|Any CPU = Debug|Any CPU
		Release|Any CPU = Release|Any CPU
	EndGlobalSection
	GlobalSection(ProjectConfigurationPlatforms) = postSolution
		{53C2A22E-091B-4270-9AFB-6C5E07DDF84C}.Debug|Any CPU.ActiveCfg = Debug|Any CPU
		{53C2A22E-091B-4270-9AFB-6C5E07DDF84C}.Debug|Any CPU.Build.0 = Debug|Any CPU
		{53C2A22E-091B-4270-9AFB-6C5E07DDF84C}.Release|Any CPU.ActiveCfg = Release|Any CPU
		{53C2A22E-091B-4270-9AFB-6C5E07DDF84C}.Release|Any CPU.Build.0 = Release|Any CPU
		{803092A1-635C-4B91-A7B7-BFC0DE68ED4F}.Debug|Any CPU.ActiveCfg = Debug|Any CPU
		{803092A1-635C-4B91-A7B7-BFC0DE68ED4F}.Debug|Any CPU.Build.0 = Debug|Any CPU
		{803092A1-635C-4B91-A7B7-BFC0DE68ED4F}.Release|Any CPU.ActiveCfg = Release|Any CPU
		{803092A1-635C-4B91-A7B7-BFC0DE68ED4F}.Release|Any CPU.Build.0 = Release|Any CPU
	EndGlobalSection
	GlobalSection(SolutionProperties) = preSolution
		HideSolutionNode = FALSE
	EndGlobalSection
	GlobalSection(ExtensibilityGlobals) = postSolution
		SolutionGuid = {E5C728D1-7807-409F-A476-258468593BCB}
	EndGlobalSection
EndGlobal
